
Microsoft Visual Studio Solution File, Format Version 12.00
# Visual Studio Version 17
VisualStudioVersion = 17.1.32407.343
MinimumVisualStudioVersion = 10.0.40219.1
Project("{9A19103F-16F7-4668-BE54-9A1E7A4F7556}") = "Botje.Mtg.Api", "Botje.Mtg.Api\Botje.Mtg.Api.csproj", "{BE94EB23-35A8-4358-9B8A-DEE2F60C64FE}"
EndProject
Project("{9A19103F-16F7-4668-BE54-9A1E7A4F7556}") = "Botje.Mtg.ScryfallClient", "Botje.Mtg.ScryfallClient\Botje.Mtg.ScryfallClient.csproj", "{12102D74-89EA-4281-A09C-FDDC76391428}"
EndProject
Project("{9A19103F-16F7-4668-BE54-9A1E7A4F7556}") = "Botje.Mtg.Application", "Botje.Mtg.Application\Botje.Mtg.Application.csproj", "{03D0C72A-EDFC-44DF-AD13-0A0918550E8D}"
EndProject
Project("{9A19103F-16F7-4668-BE54-9A1E7A4F7556}") = "Botje.Mtg.ScryfallClient.Tests", "Botje.Mtg.ScryfallClient.Tests\Botje.Mtg.ScryfallClient.Tests.csproj", "{6C6C9A00-94BC-4F3A-841E-249534411FE9}"
EndProject
Project("{2150E333-8FDC-42A3-9474-1A3956D46DE8}") = "Resources", "Resources", "{3C2E1598-9A2E-40C3-9016-6CD80AB48014}"
	ProjectSection(SolutionItems) = preProject
		docker-compose-local.yaml = docker-compose-local.yaml
		docker-compose.prod.yaml = docker-compose.prod.yaml
	EndProjectSection
EndProject
Project("{2150E333-8FDC-42A3-9474-1A3956D46DE8}") = "GitHubWorkflows", "GitHubWorkflows", "{7C9A5425-1392-428F-A983-959D931C72FA}"
	ProjectSection(SolutionItems) = preProject
		.github\workflows\docker-image.yml = .github\workflows\docker-image.yml
		.github\workflows\docker-tag-image.yml = .github\workflows\docker-tag-image.yml
	EndProjectSection
EndProject
Project("{9A19103F-16F7-4668-BE54-9A1E7A4F7556}") = "Botje.Mtg.Api.Tests.ServiceComponentTests", "Botje.Mtg.Api.Tests.ServiceComponentTests\Botje.Mtg.Api.Tests.ServiceComponentTests.csproj", "{6A50CBB2-2C45-4DA9-8BD0-F63585718555}"
EndProject
Project("{9A19103F-16F7-4668-BE54-9A1E7A4F7556}") = "Logger.AzureTableStorage", "Logger.AzureTableStorage\Logger.AzureTableStorage.csproj", "{A83A4B2C-7EDF-4D1A-9AC2-F139E835FCD6}"
EndProject
Project("{9A19103F-16F7-4668-BE54-9A1E7A4F7556}") = "Logger.AzureTableStorage.Tests", "Logger.AzureTableStorage.Tests\Logger.AzureTableStorage.Tests.csproj", "{21C31819-3269-4306-BA66-CD8616B824D3}"
EndProject
Project("{FAE04EC0-301F-11D3-BF4B-00C04F79EFBC}") = "Slack.Dto", "Slack.Dto\Slack.Dto.csproj", "{4D202475-6847-425C-BEF1-5037A5BF1911}"
EndProject
Global
	GlobalSection(SolutionConfigurationPlatforms) = preSolution
		Debug|Any CPU = Debug|Any CPU
		Release|Any CPU = Release|Any CPU
	EndGlobalSection
	GlobalSection(ProjectConfigurationPlatforms) = postSolution
		{BE94EB23-35A8-4358-9B8A-DEE2F60C64FE}.Debug|Any CPU.ActiveCfg = Debug|Any CPU
		{BE94EB23-35A8-4358-9B8A-DEE2F60C64FE}.Debug|Any CPU.Build.0 = Debug|Any CPU
		{BE94EB23-35A8-4358-9B8A-DEE2F60C64FE}.Release|Any CPU.ActiveCfg = Release|Any CPU
		{BE94EB23-35A8-4358-9B8A-DEE2F60C64FE}.Release|Any CPU.Build.0 = Release|Any CPU
		{12102D74-89EA-4281-A09C-FDDC76391428}.Debug|Any CPU.ActiveCfg = Debug|Any CPU
		{12102D74-89EA-4281-A09C-FDDC76391428}.Debug|Any CPU.Build.0 = Debug|Any CPU
		{12102D74-89EA-4281-A09C-FDDC76391428}.Release|Any CPU.ActiveCfg = Release|Any CPU
		{12102D74-89EA-4281-A09C-FDDC76391428}.Release|Any CPU.Build.0 = Release|Any CPU
		{03D0C72A-EDFC-44DF-AD13-0A0918550E8D}.Debug|Any CPU.ActiveCfg = Debug|Any CPU
		{03D0C72A-EDFC-44DF-AD13-0A0918550E8D}.Debug|Any CPU.Build.0 = Debug|Any CPU
		{03D0C72A-EDFC-44DF-AD13-0A0918550E8D}.Release|Any CPU.ActiveCfg = Release|Any CPU
		{03D0C72A-EDFC-44DF-AD13-0A0918550E8D}.Release|Any CPU.Build.0 = Release|Any CPU
		{6C6C9A00-94BC-4F3A-841E-249534411FE9}.Debug|Any CPU.ActiveCfg = Debug|Any CPU
		{6C6C9A00-94BC-4F3A-841E-249534411FE9}.Debug|Any CPU.Build.0 = Debug|Any CPU
		{6C6C9A00-94BC-4F3A-841E-249534411FE9}.Release|Any CPU.ActiveCfg = Release|Any CPU
		{6C6C9A00-94BC-4F3A-841E-249534411FE9}.Release|Any CPU.Build.0 = Release|Any CPU
		{6A50CBB2-2C45-4DA9-8BD0-F63585718555}.Debug|Any CPU.ActiveCfg = Debug|Any CPU
		{6A50CBB2-2C45-4DA9-8BD0-F63585718555}.Debug|Any CPU.Build.0 = Debug|Any CPU
		{6A50CBB2-2C45-4DA9-8BD0-F63585718555}.Release|Any CPU.ActiveCfg = Release|Any CPU
		{6A50CBB2-2C45-4DA9-8BD0-F63585718555}.Release|Any CPU.Build.0 = Release|Any CPU
		{A83A4B2C-7EDF-4D1A-9AC2-F139E835FCD6}.Debug|Any CPU.ActiveCfg = Debug|Any CPU
		{A83A4B2C-7EDF-4D1A-9AC2-F139E835FCD6}.Debug|Any CPU.Build.0 = Debug|Any CPU
		{A83A4B2C-7EDF-4D1A-9AC2-F139E835FCD6}.Release|Any CPU.ActiveCfg = Release|Any CPU
		{A83A4B2C-7EDF-4D1A-9AC2-F139E835FCD6}.Release|Any CPU.Build.0 = Release|Any CPU
		{21C31819-3269-4306-BA66-CD8616B824D3}.Debug|Any CPU.ActiveCfg = Debug|Any CPU
		{21C31819-3269-4306-BA66-CD8616B824D3}.Debug|Any CPU.Build.0 = Debug|Any CPU
		{21C31819-3269-4306-BA66-CD8616B824D3}.Release|Any CPU.ActiveCfg = Release|Any CPU
		{21C31819-3269-4306-BA66-CD8616B824D3}.Release|Any CPU.Build.0 = Release|Any CPU
		{4D202475-6847-425C-BEF1-5037A5BF1911}.Debug|Any CPU.ActiveCfg = Debug|Any CPU
		{4D202475-6847-425C-BEF1-5037A5BF1911}.Debug|Any CPU.Build.0 = Debug|Any CPU
		{4D202475-6847-425C-BEF1-5037A5BF1911}.Release|Any CPU.ActiveCfg = Release|Any CPU
		{4D202475-6847-425C-BEF1-5037A5BF1911}.Release|Any CPU.Build.0 = Release|Any CPU
	EndGlobalSection
	GlobalSection(SolutionProperties) = preSolution
		HideSolutionNode = FALSE
	EndGlobalSection
	GlobalSection(NestedProjects) = preSolution
		{7C9A5425-1392-428F-A983-959D931C72FA} = {3C2E1598-9A2E-40C3-9016-6CD80AB48014}
	EndGlobalSection
	GlobalSection(ExtensibilityGlobals) = postSolution
		SolutionGuid = {2CE3B661-3558-4BA8-913A-E6CE05FCB799}
	EndGlobalSection
EndGlobal
